{
  "name": "BniMpass",
  "lockfileVersion": 3,
  "requires": true,
  "packages": {
    "": {
      "dependencies": {
        "antd-mini": "^1.9.2",
        "dotenv": "^16.3.1",
        "herculex": "^0.2.16-alpha.3"
      }
    },
    "node_modules/@babel/runtime": {
      "version": "7.22.5",
      "resolved": "https://registry.npmjs.org/@babel/runtime/-/runtime-7.22.5.tgz",
      "integrity": "sha512-ecjvYlnAaZ/KVneE/OdKYBYfgXV3Ptu6zQWmgEF7vwKhQnvVS6bjMD2XYgj+SNvQ1GfK/pjgokfPkC/2CO8CuA==",
      "dependencies": {
        "regenerator-runtime": "^0.13.11"
      },
      "engines": {
        "node": ">=6.9.0"
      }
    },
    "node_modules/@mini-types/alipay": {
      "version": "3.0.8",
      "resolved": "https://registry.npmjs.org/@mini-types/alipay/-/alipay-3.0.8.tgz",
      "integrity": "sha512-ig7b6Y0/6CRvXXq3gGwuSvTId9JgoL+PuDDZTZzPU33HvaD8UFqkg82VHUPj1qoJjB1Zjq793QXnX0EepIb10g==",
      "dependencies": {
        "@mini-types/global": "3.0.8",
        "@mini-types/my": "3.0.8"
      }
    },
    "node_modules/@mini-types/global": {
      "version": "3.0.8",
      "resolved": "https://registry.npmjs.org/@mini-types/global/-/global-3.0.8.tgz",
      "integrity": "sha512-J7xjS9fHRgM4AlYHfUKLNtWQ3Q5gJtLh2JUfLerrUpGUFlitkKAp1uB3sBE7vAF9P/jKJWuscC/fwNqykkqMDQ=="
    },
    "node_modules/@mini-types/my": {
      "version": "3.0.8",
      "resolved": "https://registry.npmjs.org/@mini-types/my/-/my-3.0.8.tgz",
      "integrity": "sha512-jkD9DokkTBcWKwxwRdjeBnksIsD9MQzrU9T/Vbh2U9PMOVAEBU7DObQGPhe7wdIXm8w/e95ZWtX/kA7fB6L6Ag=="
    },
    "node_modules/antd-mini": {
      "version": "1.9.2",
      "resolved": "https://registry.npmjs.org/antd-mini/-/antd-mini-1.9.2.tgz",
      "integrity": "sha512-Cq6Swc2URXYIlTWockBCIE4f1cAnv3HrFCB2mSryorKTAMzuBf0ELseEuyImUvQOj2wVF1gCbHk4nSX8O3zQsQ==",
      "dependencies": {
        "@mini-types/alipay": "^3.0.5",
        "async-validator": "^4.0.7",
        "dayjs": "^1.11.3",
        "fast-deep-equal": "3.1.3",
        "tslib": "2.5.0"
      }
    },
    "node_modules/async-validator": {
      "version": "4.2.5",
      "resolved": "https://registry.npmjs.org/async-validator/-/async-validator-4.2.5.tgz",
      "integrity": "sha512-7HhHjtERjqlNbZtqNqy2rckN/SpOOlmDliet+lP7k+eKZEjPk3DgyeU9lIXLdeLz0uBbbVp+9Qdow9wJWgwwfg=="
    },
    "node_modules/dayjs": {
      "version": "1.11.8",
      "resolved": "https://registry.npmjs.org/dayjs/-/dayjs-1.11.8.tgz",
      "integrity": "sha512-LcgxzFoWMEPO7ggRv1Y2N31hUf2R0Vj7fuy/m+Bg1K8rr+KAs1AEy4y9jd5DXe8pbHgX+srkHNS7TH6Q6ZhYeQ=="
    },
    "node_modules/dotenv": {
      "version": "16.3.1",
      "resolved": "https://registry.npmjs.org/dotenv/-/dotenv-16.3.1.tgz",
      "integrity": "sha512-IPzF4w4/Rd94bA9imS68tZBaYyBWSCE47V1RGuMrB94iyTOIEwRmVL2x/4An+6mETpLrKJ5hQkB8W4kFAadeIQ==",
      "engines": {
        "node": ">=12"
      },
      "funding": {
        "url": "https://github.com/motdotla/dotenv?sponsor=1"
      }
    },
    "node_modules/fast-deep-equal": {
      "version": "3.1.3",
      "resolved": "https://registry.npmjs.org/fast-deep-equal/-/fast-deep-equal-3.1.3.tgz",
      "integrity": "sha512-f3qQ9oQy9j2AhBe/H9VC91wLmKBCCU/gDOnKNAYG5hswO7BLKj09Hc5HYNz9cGI++xlpDCIgDaitVs03ATR84Q=="
    },
    "node_modules/herculex": {
      "version": "0.2.16-alpha.3",
      "resolved": "https://registry.npmjs.org/herculex/-/herculex-0.2.16-alpha.3.tgz",
      "integrity": "sha512-qZEpnsUap4axZHQcsYVO9D20EE/cNdpIXwW9S19ixcdRpwGdx5VVp5iQjdlAEiCN2B091ARxubkG06cMfyVReg==",
      "dependencies": {
        "@babel/runtime": "^7.14.0",
        "immer": "^1.7.2",
        "immutability-helper-enhanced": "^2.8.1"
      }
    },
    "node_modules/immer": {
      "version": "1.12.1",
      "resolved": "https://registry.npmjs.org/immer/-/immer-1.12.1.tgz",
      "integrity": "sha512-3fmKM6ovaqDt0CdC9daXpNi5x/YCYS3i4cwLdTVkhJdk5jrDXoPs7lCm3IqM3yhfSnz4tjjxbRG2CziQ7m8ztg=="
    },
    "node_modules/immutability-helper-enhanced": {
      "version": "2.8.1",
      "resolved": "https://registry.npmjs.org/immutability-helper-enhanced/-/immutability-helper-enhanced-2.8.1.tgz",
      "integrity": "sha512-Eio8SgH3Ek49+jnwXKmRV3K1+hGGyecWEhi+g3UB0bgcXd7iLwB/KOMuaXK3+KPKKi/Zic+QAOsrkVzqcZMM5g=="
    },
    "node_modules/regenerator-runtime": {
      "version": "0.13.11",
      "resolved": "https://registry.npmjs.org/regenerator-runtime/-/regenerator-runtime-0.13.11.tgz",
      "integrity": "sha512-kY1AZVr2Ra+t+piVaJ4gxaFaReZVH40AKNo7UCX6W+dEwBo/2oZJzqfuN1qLq1oL45o56cPaTXELwrTh8Fpggg=="
    },
    "node_modules/tslib": {
      "version": "2.5.0",
      "resolved": "https://registry.npmjs.org/tslib/-/tslib-2.5.0.tgz",
      "integrity": "sha512-336iVw3rtn2BUK7ORdIAHTyxHGRIHVReokCR3XjbckJMK7ms8FysBfhLR8IXnAgy7T0PTPNBWKiH514FOW/WSg=="
    }
  }
}
